// !$*UTF8*$!
{
	archiveVersion = 1;
	classes = {
	};
	objectVersion = 46;
	objects = {

/* Begin PBXBuildFile section */
		E7AABEB518365DD00073EA1C /* Foundation.framework in Frameworks */ = {isa = PBXBuildFile; fileRef = E7AABEB418365DD00073EA1C /* Foundation.framework */; };
		E7AABEB718365DD00073EA1C /* CoreGraphics.framework in Frameworks */ = {isa = PBXBuildFile; fileRef = E7AABEB618365DD00073EA1C /* CoreGraphics.framework */; };
		E7AABEB918365DD00073EA1C /* UIKit.framework in Frameworks */ = {isa = PBXBuildFile; fileRef = E7AABEB818365DD00073EA1C /* UIKit.framework */; };
		E7AABEBF18365DD00073EA1C /* InfoPlist.strings in Resources */ = {isa = PBXBuildFile; fileRef = E7AABEBD18365DD00073EA1C /* InfoPlist.strings */; };
		E7AABEC118365DD00073EA1C /* main.m in Sources */ = {isa = PBXBuildFile; fileRef = E7AABEC018365DD00073EA1C /* main.m */; };
		E7AABEC518365DD00073EA1C /* cmAppDelegate.m in Sources */ = {isa = PBXBuildFile; fileRef = E7AABEC418365DD00073EA1C /* cmAppDelegate.m */; };
		E7AABEC818365DD00073EA1C /* Main_iPhone.storyboard in Resources */ = {isa = PBXBuildFile; fileRef = E7AABEC618365DD00073EA1C /* Main_iPhone.storyboard */; };
		E7AABECB18365DD00073EA1C /* Main_iPad.storyboard in Resources */ = {isa = PBXBuildFile; fileRef = E7AABEC918365DD00073EA1C /* Main_iPad.storyboard */; };
		E7AABECE18365DD00073EA1C /* cmMasterViewController.m in Sources */ = {isa = PBXBuildFile; fileRef = E7AABECD18365DD00073EA1C /* cmMasterViewController.m */; };
		E7AABED118365DD00073EA1C /* cmDetailViewController.m in Sources */ = {isa = PBXBuildFile; fileRef = E7AABED018365DD00073EA1C /* cmDetailViewController.m */; };
		E7AABED318365DD00073EA1C /* Images.xcassets in Resources */ = {isa = PBXBuildFile; fileRef = E7AABED218365DD00073EA1C /* Images.xcassets */; };
		E7AABEDA18365DD00073EA1C /* XCTest.framework in Frameworks */ = {isa = PBXBuildFile; fileRef = E7AABED918365DD00073EA1C /* XCTest.framework */; };
		E7AABEDB18365DD00073EA1C /* Foundation.framework in Frameworks */ = {isa = PBXBuildFile; fileRef = E7AABEB418365DD00073EA1C /* Foundation.framework */; };
		E7AABEDC18365DD00073EA1C /* UIKit.framework in Frameworks */ = {isa = PBXBuildFile; fileRef = E7AABEB818365DD00073EA1C /* UIKit.framework */; };
		E7AABEE418365DD00073EA1C /* InfoPlist.strings in Resources */ = {isa = PBXBuildFile; fileRef = E7AABEE218365DD00073EA1C /* InfoPlist.strings */; };
		E7AABEE618365DD00073EA1C /* Ph2Task3Tests.m in Sources */ = {isa = PBXBuildFile; fileRef = E7AABEE518365DD00073EA1C /* Ph2Task3Tests.m */; };
/* End PBXBuildFile section */

/* Begin PBXContainerItemProxy section */
		E7AABEDD18365DD00073EA1C /* PBXContainerItemProxy */ = {
			isa = PBXContainerItemProxy;
			containerPortal = E7AABEA918365DD00073EA1C /* Project object */;
			proxyType = 1;
			remoteGlobalIDString = E7AABEB018365DD00073EA1C;
			remoteInfo = Ph2Task3;
		};
/* End PBXContainerItemProxy section */

/* Begin PBXFileReference section */
		E7AABEB118365DD00073EA1C /* Ph2Task3.app */ = {isa = PBXFileReference; explicitFileType = wrapper.application; includeInIndex = 0; path = Ph2Task3.app; sourceTree = BUILT_PRODUCTS_DIR; };
		E7AABEB418365DD00073EA1C /* Foundation.framework */ = {isa = PBXFileReference; lastKnownFileType = wrapper.framework; name = Foundation.framework; path = System/Library/Frameworks/Foundation.framework; sourceTree = SDKROOT; };
		E7AABEB618365DD00073EA1C /* CoreGraphics.framework */ = {isa = PBXFileReference; lastKnownFileType = wrapper.framework; name = CoreGraphics.framework; path = System/Library/Frameworks/CoreGraphics.framework; sourceTree = SDKROOT; };
		E7AABEB818365DD00073EA1C /* UIKit.framework */ = {isa = PBXFileReference; lastKnownFileType = wrapper.framework; name = UIKit.framework; path = System/Library/Frameworks/UIKit.framework; sourceTree = SDKROOT; };
		E7AABEBC18365DD00073EA1C /* Ph2Task3-Info.plist */ = {isa = PBXFileReference; lastKnownFileType = text.plist.xml; path = "Ph2Task3-Info.plist"; sourceTree = "<group>"; };
		E7AABEBE18365DD00073EA1C /* en */ = {isa = PBXFileReference; lastKnownFileType = text.plist.strings; name = en; path = en.lproj/InfoPlist.strings; sourceTree = "<group>"; };
		E7AABEC018365DD00073EA1C /* main.m */ = {isa = PBXFileReference; lastKnownFileType = sourcecode.c.objc; path = main.m; sourceTree = "<group>"; };
		E7AABEC218365DD00073EA1C /* Ph2Task3-Prefix.pch */ = {isa = PBXFileReference; lastKnownFileType = sourcecode.c.h; path = "Ph2Task3-Prefix.pch"; sourceTree = "<group>"; };
		E7AABEC318365DD00073EA1C /* cmAppDelegate.h */ = {isa = PBXFileReference; lastKnownFileType = sourcecode.c.h; path = cmAppDelegate.h; sourceTree = "<group>"; };
		E7AABEC418365DD00073EA1C /* cmAppDelegate.m */ = {isa = PBXFileReference; lastKnownFileType = sourcecode.c.objc; path = cmAppDelegate.m; sourceTree = "<group>"; };
		E7AABEC718365DD00073EA1C /* Base */ = {isa = PBXFileReference; lastKnownFileType = file.storyboard; name = Base; path = Base.lproj/Main_iPhone.storyboard; sourceTree = "<group>"; };
		E7AABECA18365DD00073EA1C /* Base */ = {isa = PBXFileReference; lastKnownFileType = file.storyboard; name = Base; path = Base.lproj/Main_iPad.storyboard; sourceTree = "<group>"; };
		E7AABECC18365DD00073EA1C /* cmMasterViewController.h */ = {isa = PBXFileReference; lastKnownFileType = sourcecode.c.h; path = cmMasterViewController.h; sourceTree = "<group>"; };
		E7AABECD18365DD00073EA1C /* cmMasterViewController.m */ = {isa = PBXFileReference; lastKnownFileType = sourcecode.c.objc; path = cmMasterViewController.m; sourceTree = "<group>"; };
		E7AABECF18365DD00073EA1C /* cmDetailViewController.h */ = {isa = PBXFileReference; lastKnownFileType = sourcecode.c.h; path = cmDetailViewController.h; sourceTree = "<group>"; };
		E7AABED018365DD00073EA1C /* cmDetailViewController.m */ = {isa = PBXFileReference; lastKnownFileType = sourcecode.c.objc; path = cmDetailViewController.m; sourceTree = "<group>"; };
		E7AABED218365DD00073EA1C /* Images.xcassets */ = {isa = PBXFileReference; lastKnownFileType = folder.assetcatalog; path = Images.xcassets; sourceTree = "<group>"; };
		E7AABED818365DD00073EA1C /* Ph2Task3Tests.xctest */ = {isa = PBXFileReference; explicitFileType = wrapper.cfbundle; includeInIndex = 0; path = Ph2Task3Tests.xctest; sourceTree = BUILT_PRODUCTS_DIR; };
		E7AABED918365DD00073EA1C /* XCTest.framework */ = {isa = PBXFileReference; lastKnownFileType = wrapper.framework; name = XCTest.framework; path = Library/Frameworks/XCTest.framework; sourceTree = DEVELOPER_DIR; };
		E7AABEE118365DD00073EA1C /* Ph2Task3Tests-Info.plist */ = {isa = PBXFileReference; lastKnownFileType = text.plist.xml; path = "Ph2Task3Tests-Info.plist"; sourceTree = "<group>"; };
		E7AABEE318365DD00073EA1C /* en */ = {isa = PBXFileReference; lastKnownFileType = text.plist.strings; name = en; path = en.lproj/InfoPlist.strings; sourceTree = "<group>"; };
		E7AABEE518365DD00073EA1C /* Ph2Task3Tests.m */ = {isa = PBXFileReference; lastKnownFileType = sourcecode.c.objc; path = Ph2Task3Tests.m; sourceTree = "<group>"; };
/* End PBXFileReference section */

/* Begin PBXFrameworksBuildPhase section */
		E7AABEAE18365DD00073EA1C /* Frameworks */ = {
			isa = PBXFrameworksBuildPhase;
			buildActionMask = 2147483647;
			files = (
				E7AABEB718365DD00073EA1C /* CoreGraphics.framework in Frameworks */,
				E7AABEB918365DD00073EA1C /* UIKit.framework in Frameworks */,
				E7AABEB518365DD00073EA1C /* Foundation.framework in Frameworks */,
			);
			runOnlyForDeploymentPostprocessing = 0;
		};
		E7AABED518365DD00073EA1C /* Frameworks */ = {
			isa = PBXFrameworksBuildPhase;
			buildActionMask = 2147483647;
			files = (
				E7AABEDA18365DD00073EA1C /* XCTest.framework in Frameworks */,
				E7AABEDC18365DD00073EA1C /* UIKit.framework in Frameworks */,
				E7AABEDB18365DD00073EA1C /* Foundation.framework in Frameworks */,
			);
			runOnlyForDeploymentPostprocessing = 0;
		};
/* End PBXFrameworksBuildPhase section */

/* Begin PBXGroup section */
		E7AABEA818365DD00073EA1C = {
			isa = PBXGroup;
			children = (
				E7AABEBA18365DD00073EA1C /* Ph2Task3 */,
				E7AABEDF18365DD00073EA1C /* Ph2Task3Tests */,
				E7AABEB318365DD00073EA1C /* Frameworks */,
				E7AABEB218365DD00073EA1C /* Products */,
			);
			sourceTree = "<group>";
		};
		E7AABEB218365DD00073EA1C /* Products */ = {
			isa = PBXGroup;
			children = (
				E7AABEB118365DD00073EA1C /* Ph2Task3.app */,
				E7AABED818365DD00073EA1C /* Ph2Task3Tests.xctest */,
			);
			name = Products;
			sourceTree = "<group>";
		};
		E7AABEB318365DD00073EA1C /* Frameworks */ = {
			isa = PBXGroup;
			children = (
				E7AABEB418365DD00073EA1C /* Foundation.framework */,
				E7AABEB618365DD00073EA1C /* CoreGraphics.framework */,
				E7AABEB818365DD00073EA1C /* UIKit.framework */,
				E7AABED918365DD00073EA1C /* XCTest.framework */,
			);
			name = Frameworks;
			sourceTree = "<group>";
		};
		E7AABEBA18365DD00073EA1C /* Ph2Task3 */ = {
			isa = PBXGroup;
			children = (
				E7AABEC318365DD00073EA1C /* cmAppDelegate.h */,
				E7AABEC418365DD00073EA1C /* cmAppDelegate.m */,
				E7AABEC618365DD00073EA1C /* Main_iPhone.storyboard */,
				E7AABEC918365DD00073EA1C /* Main_iPad.storyboard */,
				E7AABECC18365DD00073EA1C /* cmMasterViewController.h */,
				E7AABECD18365DD00073EA1C /* cmMasterViewController.m */,
				E7AABECF18365DD00073EA1C /* cmDetailViewController.h */,
				E7AABED018365DD00073EA1C /* cmDetailViewController.m */,
				E7AABED218365DD00073EA1C /* Images.xcassets */,
				E7AABEBB18365DD00073EA1C /* Supporting Files */,
			);
			path = Ph2Task3;
			sourceTree = "<group>";
		};
		E7AABEBB18365DD00073EA1C /* Supporting Files */ = {
			isa = PBXGroup;
			children = (
				E7AABEBC18365DD00073EA1C /* Ph2Task3-Info.plist */,
				E7AABEBD18365DD00073EA1C /* InfoPlist.strings */,
				E7AABEC018365DD00073EA1C /* main.m */,
				E7AABEC218365DD00073EA1C /* Ph2Task3-Prefix.pch */,
			);
			name = "Supporting Files";
			sourceTree = "<group>";
		};
		E7AABEDF18365DD00073EA1C /* Ph2Task3Tests */ = {
			isa = PBXGroup;
			children = (
				E7AABEE518365DD00073EA1C /* Ph2Task3Tests.m */,
				E7AABEE018365DD00073EA1C /* Supporting Files */,
			);
			path = Ph2Task3Tests;
			sourceTree = "<group>";
		};
		E7AABEE018365DD00073EA1C /* Supporting Files */ = {
			isa = PBXGroup;
			children = (
				E7AABEE118365DD00073EA1C /* Ph2Task3Tests-Info.plist */,
				E7AABEE218365DD00073EA1C /* InfoPlist.strings */,
			);
			name = "Supporting Files";
			sourceTree = "<group>";
		};
/* End PBXGroup section */

/* Begin PBXNativeTarget section */
		E7AABEB018365DD00073EA1C /* Ph2Task3 */ = {
			isa = PBXNativeTarget;
			buildConfigurationList = E7AABEE918365DD00073EA1C /* Build configuration list for PBXNativeTarget "Ph2Task3" */;
			buildPhases = (
				E7AABEAD18365DD00073EA1C /* Sources */,
				E7AABEAE18365DD00073EA1C /* Frameworks */,
				E7AABEAF18365DD00073EA1C /* Resources */,
			);
			buildRules = (
			);
			dependencies = (
			);
			name = Ph2Task3;
			productName = Ph2Task3;
			productReference = E7AABEB118365DD00073EA1C /* Ph2Task3.app */;
			productType = "com.apple.product-type.application";
		};
		E7AABED718365DD00073EA1C /* Ph2Task3Tests */ = {
			isa = PBXNativeTarget;
			buildConfigurationList = E7AABEEC18365DD00073EA1C /* Build configuration list for PBXNativeTarget "Ph2Task3Tests" */;
			buildPhases = (
				E7AABED418365DD00073EA1C /* Sources */,
				E7AABED518365DD00073EA1C /* Frameworks */,
				E7AABED618365DD00073EA1C /* Resources */,
			);
			buildRules = (
			);
			dependencies = (
				E7AABEDE18365DD00073EA1C /* PBXTargetDependency */,
			);
			name = Ph2Task3Tests;
			productName = Ph2Task3Tests;
			productReference = E7AABED818365DD00073EA1C /* Ph2Task3Tests.xctest */;
			productType = "com.apple.product-type.bundle.unit-test";
		};
/* End PBXNativeTarget section */

/* Begin PBXProject section */
		E7AABEA918365DD00073EA1C /* Project object */ = {
			isa = PBXProject;
			attributes = {
				CLASSPREFIX = cm;
				LastUpgradeCheck = 0500;
				ORGANIZATIONNAME = "Cyrill Averbeck";
				TargetAttributes = {
					E7AABED718365DD00073EA1C = {
						TestTargetID = E7AABEB018365DD00073EA1C;
					};
				};
			};
			buildConfigurationList = E7AABEAC18365DD00073EA1C /* Build configuration list for PBXProject "Ph2Task3" */;
			compatibilityVersion = "Xcode 3.2";
			developmentRegion = English;
			hasScannedForEncodings = 0;
			knownRegions = (
				en,
				Base,
			);
			mainGroup = E7AABEA818365DD00073EA1C;
			productRefGroup = E7AABEB218365DD00073EA1C /* Products */;
			projectDirPath = "";
			projectRoot = "";
			targets = (
				E7AABEB018365DD00073EA1C /* Ph2Task3 */,
				E7AABED718365DD00073EA1C /* Ph2Task3Tests */,
			);
		};
/* End PBXProject section */

/* Begin PBXResourcesBuildPhase section */
		E7AABEAF18365DD00073EA1C /* Resources */ = {
			isa = PBXResourcesBuildPhase;
			buildActionMask = 2147483647;
			files = (
				E7AABECB18365DD00073EA1C /* Main_iPad.storyboard in Resources */,
				E7AABED318365DD00073EA1C /* Images.xcassets in Resources */,
				E7AABEC818365DD00073EA1C /* Main_iPhone.storyboard in Resources */,
				E7AABEBF18365DD00073EA1C /* InfoPlist.strings in Resources */,
			);
			runOnlyForDeploymentPostprocessing = 0;
		};
		E7AABED618365DD00073EA1C /* Resources */ = {
			isa = PBXResourcesBuildPhase;
			buildActionMask = 2147483647;
			files = (
				E7AABEE418365DD00073EA1C /* InfoPlist.strings in Resources */,
			);
			runOnlyForDeploymentPostprocessing = 0;
		};
/* End PBXResourcesBuildPhase section */

/* Begin PBXSourcesBuildPhase section */
		E7AABEAD18365DD00073EA1C /* Sources */ = {
			isa = PBXSourcesBuildPhase;
			buildActionMask = 2147483647;
			files = (
				E7AABEC518365DD00073EA1C /* cmAppDelegate.m in Sources */,
				E7AABED118365DD00073EA1C /* cmDetailViewController.m in Sources */,
				E7AABECE18365DD00073EA1C /* cmMasterViewController.m in Sources */,
				E7AABEC118365DD00073EA1C /* main.m in Sources */,
			);
			runOnlyForDeploymentPostprocessing = 0;
		};
		E7AABED418365DD00073EA1C /* Sources */ = {
			isa = PBXSourcesBuildPhase;
			buildActionMask = 2147483647;
			files = (
				E7AABEE618365DD00073EA1C /* Ph2Task3Tests.m in Sources */,
			);
			runOnlyForDeploymentPostprocessing = 0;
		};
/* End PBXSourcesBuildPhase section */

/* Begin PBXTargetDependency section */
		E7AABEDE18365DD00073EA1C /* PBXTargetDependency */ = {
			isa = PBXTargetDependency;
			target = E7AABEB018365DD00073EA1C /* Ph2Task3 */;
			targetProxy = E7AABEDD18365DD00073EA1C /* PBXContainerItemProxy */;
		};
/* End PBXTargetDependency section */

/* Begin PBXVariantGroup section */
		E7AABEBD18365DD00073EA1C /* InfoPlist.strings */ = {
			isa = PBXVariantGroup;
			children = (
				E7AABEBE18365DD00073EA1C /* en */,
			);
			name = InfoPlist.strings;
			sourceTree = "<group>";
		};
		E7AABEC618365DD00073EA1C /* Main_iPhone.storyboard */ = {
			isa = PBXVariantGroup;
			children = (
				E7AABEC718365DD00073EA1C /* Base */,
			);
			name = Main_iPhone.storyboard;
			sourceTree = "<group>";
		};
		E7AABEC918365DD00073EA1C /* Main_iPad.storyboard */ = {
			isa = PBXVariantGroup;
			children = (
				E7AABECA18365DD00073EA1C /* Base */,
			);
			name = Main_iPad.storyboard;
			sourceTree = "<group>";
		};
		E7AABEE218365DD00073EA1C /* InfoPlist.strings */ = {
			isa = PBXVariantGroup;
			children = (
				E7AABEE318365DD00073EA1C /* en */,
			);
			name = InfoPlist.strings;
			sourceTree = "<group>";
		};
/* End PBXVariantGroup section */

/* Begin XCBuildConfiguration section */
		E7AABEE718365DD00073EA1C /* Debug */ = {
			isa = XCBuildConfiguration;
			buildSettings = {
				ALWAYS_SEARCH_USER_PATHS = NO;
				ARCHS = "$(ARCHS_STANDARD_INCLUDING_64_BIT)";
				CLANG_CXX_LANGUAGE_STANDARD = "gnu++0x";
				CLANG_CXX_LIBRARY = "libc++";
				CLANG_ENABLE_MODULES = YES;
				CLANG_ENABLE_OBJC_ARC = YES;
				CLANG_WARN_BOOL_CONVERSION = YES;
				CLANG_WARN_CONSTANT_CONVERSION = YES;
				CLANG_WARN_DIRECT_OBJC_ISA_USAGE = YES_ERROR;
				CLANG_WARN_EMPTY_BODY = YES;
				CLANG_WARN_ENUM_CONVERSION = YES;
				CLANG_WARN_INT_CONVERSION = YES;
				CLANG_WARN_OBJC_ROOT_CLASS = YES_ERROR;
				CLANG_WARN__DUPLICATE_METHOD_MATCH = YES;
				"CODE_SIGN_IDENTITY[sdk=iphoneos*]" = "iPhone Developer";
				COPY_PHASE_STRIP = NO;
				GCC_C_LANGUAGE_STANDARD = gnu99;
				GCC_DYNAMIC_NO_PIC = NO;
				GCC_OPTIMIZATION_LEVEL = 0;
				GCC_PREPROCESSOR_DEFINITIONS = (
					"DEBUG=1",
					"$(inherited)",
				);
				GCC_SYMBOLS_PRIVATE_EXTERN = NO;
				GCC_WARN_64_TO_32_BIT_CONVERSION = YES;
				GCC_WARN_ABOUT_RETURN_TYPE = YES_ERROR;
				GCC_WARN_UNDECLARED_SELECTOR = YES;
				GCC_WARN_UNINITIALIZED_AUTOS = YES;
				GCC_WARN_UNUSED_FUNCTION = YES;
				GCC_WARN_UNUSED_VARIABLE = YES;
				IPHONEOS_DEPLOYMENT_TARGET = 7.0;
				ONLY_ACTIVE_ARCH = YES;
				SDKROOT = iphoneos;
				TARGETED_DEVICE_FAMILY = "1,2";
			};
			name = Debug;
		};
		E7AABEE818365DD00073EA1C /* Release */ = {
			isa = XCBuildConfiguration;
			buildSettings = {
				ALWAYS_SEARCH_USER_PATHS = NO;
				ARCHS = "$(ARCHS_STANDARD_INCLUDING_64_BIT)";
				CLANG_CXX_LANGUAGE_STANDARD = "gnu++0x";
				CLANG_CXX_LIBRARY = "libc++";
				CLANG_ENABLE_MODULES = YES;
				CLANG_ENABLE_OBJC_ARC = YES;
				CLANG_WARN_BOOL_CONVERSION = YES;
				CLANG_WARN_CONSTANT_CONVERSION = YES;
				CLANG_WARN_DIRECT_OBJC_ISA_USAGE = YES_ERROR;
				CLANG_WARN_EMPTY_BODY = YES;
				CLANG_WARN_ENUM_CONVERSION = YES;
				CLANG_WARN_INT_CONVERSION = YES;
				CLANG_WARN_OBJC_ROOT_CLASS = YES_ERROR;
				CLANG_WARN__DUPLICATE_METHOD_MATCH = YES;
				"CODE_SIGN_IDENTITY[sdk=iphoneos*]" = "iPhone Developer";
				COPY_PHASE_STRIP = YES;
				ENABLE_NS_ASSERTIONS = NO;
				GCC_C_LANGUAGE_STANDARD = gnu99;
				GCC_WARN_64_TO_32_BIT_CONVERSION = YES;
				GCC_WARN_ABOUT_RETURN_TYPE = YES_ERROR;
				GCC_WARN_UNDECLARED_SELECTOR = YES;
				GCC_WARN_UNINITIALIZED_AUTOS = YES;
				GCC_WARN_UNUSED_FUNCTION = YES;
				GCC_WARN_UNUSED_VARIABLE = YES;
				IPHONEOS_DEPLOYMENT_TARGET = 7.0;
				SDKROOT = iphoneos;
				TARGETED_DEVICE_FAMILY = "1,2";
				VALIDATE_PRODUCT = YES;
			};
			name = Release;
		};
		E7AABEEA18365DD00073EA1C /* Debug */ = {
			isa = XCBuildConfiguration;
			buildSettings = {
				ASSETCATALOG_COMPILER_APPICON_NAME = AppIcon;
				ASSETCATALOG_COMPILER_LAUNCHIMAGE_NAME = LaunchImage;
				GCC_PRECOMPILE_PREFIX_HEADER = YES;
				GCC_PREFIX_HEADER = "Ph2Task3/Ph2Task3-Prefix.pch";
				INFOPLIST_FILE = "Ph2Task3/Ph2Task3-Info.plist";
				PRODUCT_NAME = "$(TARGET_NAME)";
				WRAPPER_EXTENSION = app;
			};
			name = Debug;
		};
		E7AABEEB18365DD00073EA1C /* Release */ = {
			isa = XCBuildConfiguration;
			buildSettings = {
				ASSETCATALOG_COMPILER_APPICON_NAME = AppIcon;
				ASSETCATALOG_COMPILER_LAUNCHIMAGE_NAME = LaunchImage;
				GCC_PRECOMPILE_PREFIX_HEADER = YES;
				GCC_PREFIX_HEADER = "Ph2Task3/Ph2Task3-Prefix.pch";
				INFOPLIST_FILE = "Ph2Task3/Ph2Task3-Info.plist";
				PRODUCT_NAME = "$(TARGET_NAME)";
				WRAPPER_EXTENSION = app;
			};
			name = Release;
		};
		E7AABEED18365DD00073EA1C /* Debug */ = {
			isa = XCBuildConfiguration;
			buildSettings = {
				ARCHS = "$(ARCHS_STANDARD_INCLUDING_64_BIT)";
				BUNDLE_LOADER = "$(BUILT_PRODUCTS_DIR)/Ph2Task3.app/Ph2Task3";
				FRAMEWORK_SEARCH_PATHS = (
					"$(SDKROOT)/Developer/Library/Frameworks",
					"$(inherited)",
					"$(DEVELOPER_FRAMEWORKS_DIR)",
				);
				GCC_PRECOMPILE_PREFIX_HEADER = YES;
				GCC_PREFIX_HEADER = "Ph2Task3/Ph2Task3-Prefix.pch";
				GCC_PREPROCESSOR_DEFINITIONS = (
					"DEBUG=1",
					"$(inherited)",
				);
				INFOPLIST_FILE = "Ph2Task3Tests/Ph2Task3Tests-Info.plist";
				PRODUCT_NAME = "$(TARGET_NAME)";
				TEST_HOST = "$(BUNDLE_LOADER)";
				WRAPPER_EXTENSION = xctest;
			};
			name = Debug;
		};
		E7AABEEE18365DD00073EA1C /* Release */ = {
			isa = XCBuildConfiguration;
			buildSettings = {
				ARCHS = "$(ARCHS_STANDARD_INCLUDING_64_BIT)";
				BUNDLE_LOADER = "$(BUILT_PRODUCTS_DIR)/Ph2Task3.app/Ph2Task3";
				FRAMEWORK_SEARCH_PATHS = (
					"$(SDKROOT)/Developer/Library/Frameworks",
					"$(inherited)",
					"$(DEVELOPER_FRAMEWORKS_DIR)",
				);
				GCC_PRECOMPILE_PREFIX_HEADER = YES;
				GCC_PREFIX_HEADER = "Ph2Task3/Ph2Task3-Prefix.pch";
				INFOPLIST_FILE = "Ph2Task3Tests/Ph2Task3Tests-Info.plist";
				PRODUCT_NAME = "$(TARGET_NAME)";
				TEST_HOST = "$(BUNDLE_LOADER)";
				WRAPPER_EXTENSION = xctest;
			};
			name = Release;
		};
/* End XCBuildConfiguration section */

/* Begin XCConfigurationList section */
		E7AABEAC18365DD00073EA1C /* Build configuration list for PBXProject "Ph2Task3" */ = {
			isa = XCConfigurationList;
			buildConfigurations = (
				E7AABEE718365DD00073EA1C /* Debug */,
				E7AABEE818365DD00073EA1C /* Release */,
			);
			defaultConfigurationIsVisible = 0;
			defaultConfigurationName = Release;
		};
		E7AABEE918365DD00073EA1C /* Build configuration list for PBXNativeTarget "Ph2Task3" */ = {
			isa = XCConfigurationList;
			buildConfigurations = (
				E7AABEEA18365DD00073EA1C /* Debug */,
				E7AABEEB18365DD00073EA1C /* Release */,
			);
			defaultConfigurationIsVisible = 0;
		};
		E7AABEEC18365DD00073EA1C /* Build configuration list for PBXNativeTarget "Ph2Task3Tests" */ = {
			isa = XCConfigurationList;
			buildConfigurations = (
				E7AABEED18365DD00073EA1C /* Debug */,
				E7AABEEE18365DD00073EA1C /* Release */,
			);
			defaultConfigurationIsVisible = 0;
		};
/* End XCConfigurationList section */
	};
	rootObject = E7AABEA918365DD00073EA1C /* Project object */;
}
